
Microsoft Visual Studio Solution File, Format Version 12.00
# Visual Studio Version 17
VisualStudioVersion = 17.3.32922.545
MinimumVisualStudioVersion = 10.0.40219.1
Project("{FAE04EC0-301F-11D3-BF4B-00C04F79EFBC}") = "Exe4_128", "Exe4_128\Exe4_128.csproj", "{0511D09C-DA21-4D8D-9056-CC82F66715B2}"
EndProject
Global
	GlobalSection(SolutionConfigurationPlatforms) = preSolution
		Debug|Any CPU = Debug|Any CPU
		Release|Any CPU = Release|Any CPU
	EndGlobalSection
	GlobalSection(ProjectConfigurationPlatforms) = postSolution
		{0511D09C-DA21-4D8D-9056-CC82F66715B2}.Debug|Any CPU.ActiveCfg = Debug|Any CPU
		{0511D09C-DA21-4D8D-9056-CC82F66715B2}.Debug|Any CPU.Build.0 = Debug|Any CPU
		{0511D09C-DA21-4D8D-9056-CC82F66715B2}.Release|Any CPU.ActiveCfg = Release|Any CPU
		{0511D09C-DA21-4D8D-9056-CC82F66715B2}.Release|Any CPU.Build.0 = Release|Any CPU
	EndGlobalSection
	GlobalSection(SolutionProperties) = preSolution
		HideSolutionNode = FALSE
	EndGlobalSection
	GlobalSection(ExtensibilityGlobals) = postSolution
		SolutionGuid = {B1A2124F-574B-4F3A-95B1-D8308E03E57D}
	EndGlobalSection
EndGlobal
